
Microsoft Visual Studio Solution File, Format Version 12.00
# Visual Studio Version 17
VisualStudioVersion = 17.14.36717.8 d17.14
MinimumVisualStudioVersion = 10.0.40219.1
Project("{FAE04EC0-301F-11D3-BF4B-00C04F79EFBC}") = "Trabalho_BD", "Trabalho_BD\Trabalho_BD.csproj", "{212A09B9-7C10-46CA-89AB-B14A46F5F907}"
EndProject
Global
	GlobalSection(SolutionConfigurationPlatforms) = preSolution
		Debug|Any CPU = Debug|Any CPU
		Release|Any CPU = Release|Any CPU
	EndGlobalSection
	GlobalSection(ProjectConfigurationPlatforms) = postSolution
		{212A09B9-7C10-46CA-89AB-B14A46F5F907}.Debug|Any CPU.ActiveCfg = Debug|Any CPU
		{212A09B9-7C10-46CA-89AB-B14A46F5F907}.Debug|Any CPU.Build.0 = Debug|Any CPU
		{212A09B9-7C10-46CA-89AB-B14A46F5F907}.Release|Any CPU.ActiveCfg = Release|Any CPU
		{212A09B9-7C10-46CA-89AB-B14A46F5F907}.Release|Any CPU.Build.0 = Release|Any CPU
	EndGlobalSection
	GlobalSection(SolutionProperties) = preSolution
		HideSolutionNode = FALSE
	EndGlobalSection
	GlobalSection(ExtensibilityGlobals) = postSolution
		SolutionGuid = {07467965-11B9-476F-A1F1-7E34E795B2A8}
	EndGlobalSection
EndGlobal
